
Microsoft Visual Studio Solution File, Format Version 12.00
# Visual Studio Version 16
VisualStudioVersion = 16.0.28729.10
MinimumVisualStudioVersion = 10.0.40219.1
Project("{9A19103F-16F7-4668-BE54-9A1E7A4F7556}") = "PowerFull", "PowerFull\PowerFull.csproj", "{5ECF7969-8BE0-4531-8DC9-B54C8E7EB525}"
EndProject
Project("{FAE04EC0-301F-11D3-BF4B-00C04F79EFBC}") = "PowerFull.Tests", "PowerFull.Tests\PowerFull.Tests.csproj", "{10E4A636-CE36-4DBB-9057-86C6AC2022B5}"
EndProject
Global
	GlobalSection(SolutionConfigurationPlatforms) = preSolution
		Debug|Any CPU = Debug|Any CPU
		Release|Any CPU = Release|Any CPU
	EndGlobalSection
	GlobalSection(ProjectConfigurationPlatforms) = postSolution
		{5ECF7969-8BE0-4531-8DC9-B54C8E7EB525}.Debug|Any CPU.ActiveCfg = Debug|Any CPU
		{5ECF7969-8BE0-4531-8DC9-B54C8E7EB525}.Debug|Any CPU.Build.0 = Debug|Any CPU
		{5ECF7969-8BE0-4531-8DC9-B54C8E7EB525}.Release|Any CPU.ActiveCfg = Release|Any CPU
		{5ECF7969-8BE0-4531-8DC9-B54C8E7EB525}.Release|Any CPU.Build.0 = Release|Any CPU
		{10E4A636-CE36-4DBB-9057-86C6AC2022B5}.Debug|Any CPU.ActiveCfg = Debug|Any CPU
		{10E4A636-CE36-4DBB-9057-86C6AC2022B5}.Debug|Any CPU.Build.0 = Debug|Any CPU
		{10E4A636-CE36-4DBB-9057-86C6AC2022B5}.Release|Any CPU.ActiveCfg = Release|Any CPU
		{10E4A636-CE36-4DBB-9057-86C6AC2022B5}.Release|Any CPU.Build.0 = Release|Any CPU
	EndGlobalSection
	GlobalSection(SolutionProperties) = preSolution
		HideSolutionNode = FALSE
	EndGlobalSection
	GlobalSection(ExtensibilityGlobals) = postSolution
		SolutionGuid = {91DF47B0-2F64-44A3-A660-8F44660C272D}
	EndGlobalSection
EndGlobal
